
Microsoft Visual Studio Solution File, Format Version 12.00
# Visual Studio Version 16
VisualStudioVersion = 16.0.31313.79
MinimumVisualStudioVersion = 10.0.40219.1
Project("{FAE04EC0-301F-11D3-BF4B-00C04F79EFBC}") = "D'Anjolell_exam2", "D'Anjolell_exam2\D'Anjolell_exam2.csproj", "{B785EF13-A283-4CFE-A714-E84FBCA0C546}"
EndProject
Global
	GlobalSection(SolutionConfigurationPlatforms) = preSolution
		Debug|Any CPU = Debug|Any CPU
		Release|Any CPU = Release|Any CPU
	EndGlobalSection
	GlobalSection(ProjectConfigurationPlatforms) = postSolution
		{B785EF13-A283-4CFE-A714-E84FBCA0C546}.Debug|Any CPU.ActiveCfg = Debug|Any CPU
		{B785EF13-A283-4CFE-A714-E84FBCA0C546}.Debug|Any CPU.Build.0 = Debug|Any CPU
		{B785EF13-A283-4CFE-A714-E84FBCA0C546}.Release|Any CPU.ActiveCfg = Release|Any CPU
		{B785EF13-A283-4CFE-A714-E84FBCA0C546}.Release|Any CPU.Build.0 = Release|Any CPU
	EndGlobalSection
	GlobalSection(SolutionProperties) = preSolution
		HideSolutionNode = FALSE
	EndGlobalSection
	GlobalSection(ExtensibilityGlobals) = postSolution
		SolutionGuid = {0D09F14B-9A9F-4D7C-AA58-A5A82BDA9E31}
	EndGlobalSection
EndGlobal
